version = 1
revision = 3
requires-python = "==3.9.*"

[[package]]
name = "basedpyright"
version = "1.39.10"
source = { registry = "https://pypi.org/simple" }
dependencies = [
    { name = "nodejs-wheel-binaries" },
]
sdist = { url = "https://files.pythonhosted.org/packages/68/43/ad2999f3b09eb2b1e59931d88fac0f7bcc9c17fc18c903268779bd10cc97/basedpyright-1.39.10.tar.gz", hash = "sha256:c8eaf5302f3265e275c7df4fba194d7afa7c1cb53fbfd448e90098360aca2c2e", size = 24740347, upload-time = "2026-08-13T17:09:02.51Z" }
wheels = [
    { url = "https://files.pythonhosted.org/packages/be/2a/a224054d75a58786c482f63b8ff2a09fc3362268bd1ebd0a61fb3f982153/basedpyright-1.39.10-py3-none-any.whl", hash = "sha256:cbd75d83c0be841329bcfef2d2f1182f152a6d975b8eb199e75cf5b8e9a3de78", size = 13482322, upload-time = "2026-08-13T17:08:59.074Z" },
]

[[package]]
name = "clang"
version = "8.0.1"
source = { registry = "https://pypi.org/simple" }
sdist = { url = "https://files.pythonhosted.org/packages/3c/55/6d414b296b53e9fda56b4bfd7202e8444329d92bb6079dc759cc1ce80d00/clang-8.0.1.tar.gz", hash = "sha256:aed3f52d5d268f9a83e3b99f0fe7b937e6746a65fab540e07481ea3258983ce1", size = 30949, upload-time = "2020-08-10T23:59:22.81Z" }
wheels = [
    { url = "https://files.pythonhosted.org/packages/1f/da/6d523bdfbbe50331371d05e2e48e906047f6477a7447effcf78d2d8cc472/clang-8.0.1-py3-none-any.whl", hash = "sha256:73485f0d99d4fc518bbeeeaf539cf21a5331c4ea84ab384368e011c7b6a2320b", size = 32595, upload-time = "2020-08-10T23:59:29.703Z" },
]

[[package]]
name = "colorama"
version = "0.4.6"
source = { registry = "https://pypi.org/simple" }
sdist = { url = "https://files.pythonhosted.org/packages/d8/53/6f443c9a4a8358a93a6792e2acffb9d9d5cb0a5cfd8802644b7b1c9a02e4/colorama-0.4.6.tar.gz", hash = "sha256:08695f5cb7ed6e0531a20572697297273c47b8cae5a63ffc6d6ed5c201be6e44", size = 27697, upload-time = "2022-10-25T02:36:22.414Z" }
wheels = [
    { url = "https://files.pythonhosted.org/packages/d1/d6/3965ed04c63042e047cb6a3e6ed1a63a35087b6a609aa3a15ed8ac56c221/colorama-0.4.6-py2.py3-none-any.whl", hash = "sha256:4f1d9991f5acc0ca119f9d443620b77f9d6b33703e51011c16baf57afb285fc6", size = 25335, upload-time = "2022-10-25T02:36:20.889Z" },
]

[[package]]
name = "gdbminer"
version = "0.0.1"
source = { editable = "." }
dependencies = [
    { name = "networkx" },
    { name = "pygdbmi" },
    { name = "pyserial" },
]

[package.optional-dependencies]
experiment = [
    { name = "clang" },
    { name = "lark-parser" },
    { name = "meson" },
    { name = "tqdm" },
]

[package.dev-dependencies]
dev = [
    { name = "basedpyright" },
    { name = "ruff" },
]

[package.metadata]
requires-dist = [
    { name = "clang", marker = "extra == 'experiment'", specifier = "==8.0.1" },
    { name = "lark-parser", marker = "extra == 'experiment'" },
    { name = "meson", marker = "extra == 'experiment'", specifier = "==0.46.1" },
    { name = "networkx", specifier = ">=3.0" },
    { name = "pygdbmi", specifier = ">=0.11.0.0" },
    { name = "pyserial", specifier = ">=3.5" },
    { name = "tqdm", marker = "extra == 'experiment'" },
]
provides-extras = ["experiment"]

[package.metadata.requires-dev]
dev = [
    { name = "basedpyright", specifier = ">=1.39.6" },
    { name = "ruff", specifier = ">=0.13.0" },
]

[[package]]
name = "lark-parser"
version = "0.12.0"
source = { registry = "https://pypi.org/simple" }
sdist = { url = "https://files.pythonhosted.org/packages/5a/ee/fd1192d7724419ddfe15b6f17d1c8742800d4de917c0adac3b6aaf22e921/lark-parser-0.12.0.tar.gz", hash = "sha256:15967db1f1214013dca65b1180745047b9be457d73da224fcda3d9dd4e96a138", size = 235029, upload-time = "2021-08-30T09:14:44.484Z" }
wheels = [
    { url = "https://files.pythonhosted.org/packages/76/00/90f05db333fe1aa6b6ffea83a35425b7d53ea95c8bba0b1597f226cf1d5f/lark_parser-0.12.0-py2.py3-none-any.whl", hash = "sha256:0eaf30cb5ba787fe404d73a7d6e61df97b21d5a63ac26c5008c78a494373c675", size = 103498, upload-time = "2021-08-30T13:01:01.603Z" },
]

[[package]]
name = "meson"
version = "0.46.1"
source = { registry = "https://pypi.org/simple" }
sdist = { url = "https://files.pythonhosted.org/packages/30/26/036340ecd1061d5c31f0eba4573b2ce63a28cd406c589d575322cb3279f5/meson-0.46.1.tar.gz", hash = "sha256:0c6f39bdc7153fd24cadf07e57a4b9527755d292641126db85c1473babd0bdc9", size = 1203731, upload-time = "2018-05-16T17:25:32.541Z" }

[[package]]
name = "networkx"
version = "3.2.1"
source = { registry = "https://pypi.org/simple" }
sdist = { url = "https://files.pythonhosted.org/packages/c4/80/a84676339aaae2f1cfdf9f418701dd634aef9cc76f708ef55c36ff39c3ca/networkx-3.2.1.tar.gz", hash = "sha256:9f1bb5cf3409bf324e0a722c20bdb4c20ee39bf1c30ce8ae499c8502b0b5e0c6", size = 2073928, upload-time = "2023-10-28T08:41:39.364Z" }
wheels = [
    { url = "https://files.pythonhosted.org/packages/d5/f0/8fbc882ca80cf077f1b246c0e3c3465f7f415439bdea6b899f6b19f61f70/networkx-3.2.1-py3-none-any.whl", hash = "sha256:f18c69adc97877c42332c170849c96cefa91881c99a7cb3e95b7c659ebdc1ec2", size = 1647772, upload-time = "2023-10-28T08:41:36.945Z" },
]

[[package]]
name = "nodejs-wheel-binaries"
version = "24.19.0"
source = { registry = "https://pypi.org/simple" }
sdist = { url = "https://files.pythonhosted.org/packages/c0/76/7e97195e14346598565a0de4ca8bdbd5e634b3fb5b1ba590b7b1b89f8a63/nodejs_wheel_binaries-24.19.0.tar.gz", hash = "sha256:db217eef8cab8551667863379b08db4d9067403f6cbbe87481eb40edceb8aa9b", size = 8058, upload-time = "2026-08-19T21:47:19.671Z" }
wheels = [
    { url = "https://files.pythonhosted.org/packages/8c/52/0774b52c7be8151ad9d5aff44edc100c3f13d6d8eb3765f63ffa40e69fe8/nodejs_wheel_binaries-24.19.0-py2.py3-none-macosx_13_0_arm64.whl", hash = "sha256:e12cbfd69089504e42fb14194ce734a9dcf3eb38c820ca63dd511d36fb964e9c", size = 56047203, upload-time = "2026-08-19T21:46:43.448Z" },
    { url = "https://files.pythonhosted.org/packages/67/3a/4fdbbfecf2c23d52c0e3f68de7f7c1b3c97a26d328c69c5f6c49c48e340e/nodejs_wheel_binaries-24.19.0-py2.py3-none-macosx_13_0_x86_64.whl", hash = "sha256:1c890adf4b7e6556ccc1ca66c866bb81884b6c9a581dee4e530dc7f78fb9d514", size = 56219459, upload-time = "2026-08-19T21:46:48.45Z" },
    { url = "https://files.pythonhosted.org/packages/5f/a8/0147149415195c59b8a72a594916bfb80d6be4d586f9fbfda313889e0efc/nodejs_wheel_binaries-24.19.0-py2.py3-none-manylinux_2_28_aarch64.whl", hash = "sha256:4e029dadfae1295876063c96b236f673487e8c27379fe146c1e2250283520227", size = 60588256, upload-time = "2026-08-19T21:46:53.298Z" },
    { url = "https://files.pythonhosted.org/packages/f4/89/6631d0982353da1bb7bc00bb1988f702822c62b42634f57999ee53b5c337/nodejs_wheel_binaries-24.19.0-py2.py3-none-manylinux_2_28_x86_64.whl", hash = "sha256:4196a947bcc883f2003ab101762d729f3e99b5e86b75bd09151563403e2eceb8", size = 61123607, upload-time = "2026-08-19T21:46:58.117Z" },
    { url = "https://files.pythonhosted.org/packages/32/a2/fa30f0841e4602995782e124359f9b910c7b481d98decf61ef0b2fc3ebfb/nodejs_wheel_binaries-24.19.0-py2.py3-none-musllinux_1_2_aarch64.whl", hash = "sha256:352e048ab4dd35e7de5f338d1cc4fcbf77a0e93da30bf7336a8217ee246b31d7", size = 62632842, upload-time = "2026-08-19T21:47:03.42Z" },
    { url = "https://files.pythonhosted.org/packages/18/01/22d97ca72213f66cc386ee638db30c2e62757fdf761c6029074bced83d1c/nodejs_wheel_binaries-24.19.0-py2.py3-none-musllinux_1_2_x86_64.whl", hash = "sha256:28d078b2ced9e2069516e652dc4b1380e7a1a7f2d3934eccd1611586d283ba4c", size = 63250653, upload-time = "2026-08-19T21:47:07.938Z" },
    { url = "https://files.pythonhosted.org/packages/88/d1/e3be8fa327a795bcaf7a19cd84299e338a7bce32ff0665fdce9cfa22573c/nodejs_wheel_binaries-24.19.0-py2.py3-none-win_amd64.whl", hash = "sha256:67e3abeb9c3830cae8c8487ae8a2af7cc27dfa75af06145cee5ca7d1857c81bd", size = 42448503, upload-time = "2026-08-19T21:47:12.093Z" },
    { url = "https://files.pythonhosted.org/packages/1d/37/34cf28ba1691a060174948a9927fe61091982d6048b2e403071a9acce443/nodejs_wheel_binaries-24.19.0-py2.py3-none-win_arm64.whl", hash = "sha256:d9074c665ea68b04e183d82482c86dc907d3a9bd15eb6cf85542cb785266bb36", size = 40090155, upload-time = "2026-08-19T21:47:16.032Z" },
]

[[package]]
name = "pygdbmi"
version = "0.11.0.0"
source = { registry = "https://pypi.org/simple" }
sdist = { url = "https://files.pythonhosted.org/packages/2a/d0/d386ad42b12b90e60293c56a3b793910f34aa21c63f7ddc8a857e498d458/pygdbmi-0.11.0.0.tar.gz", hash = "sha256:7a286be2fcf25650d9f66e11adc46e972cf078a466864a700cd44739ad261fb0", size = 24648, upload-time = "2023-01-29T16:10:55.65Z" }
wheels = [
    { url = "https://files.pythonhosted.org/packages/c8/4b/71df806f4d260ddf01f9e431f5a6538a4155db3ec84a131d7e087178c591/pygdbmi-0.11.0.0-py3-none-any.whl", hash = "sha256:f7cac28e1d558927444c880ed1e65da1a5d8686121a3aac16f42fb84d3ceb60d", size = 21258, upload-time = "2023-01-29T16:10:53.171Z" },
]

[[package]]
name = "pyserial"
version = "3.5"
source = { registry = "https://pypi.org/simple" }
sdist = { url = "https://files.pythonhosted.org/packages/1e/7d/ae3f0a63f41e4d2f6cb66a5b57197850f919f59e558159a4dd3a818f5082/pyserial-3.5.tar.gz", hash = "sha256:3c77e014170dfffbd816e6ffc205e9842efb10be9f58ec16d3e8675b4925cddb", size = 159125, upload-time = "2020-11-23T03:59:15.045Z" }
wheels = [
    { url = "https://files.pythonhosted.org/packages/07/bc/587a445451b253b285629263eb51c2d8e9bcea4fc97826266d186f96f558/pyserial-3.5-py2.py3-none-any.whl", hash = "sha256:c4451db6ba391ca6ca299fb3ec7bae67a5c55dde170964c7a14ceefec02f2cf0", size = 90585, upload-time = "2020-11-23T03:59:13.41Z" },
]

[[package]]
name = "ruff"
version = "0.16.3"
source = { registry = "https://pypi.org/simple" }
sdist = { url = "https://files.pythonhosted.org/packages/61/b3/3213589383f8f1b3938781bd1278713f6d18621a14992b3e81fefb8a5ef9/ruff-0.16.3.tar.gz", hash = "sha256:e76d33a347661a84b5be6d043d0347fdc745dfdcf825a8f4fed64b5e26eebdf2", size = 4891904, upload-time = "2026-08-13T15:17:13.381Z" }
wheels = [
    { url = "https://files.pythonhosted.org/packages/bf/96/493770daebd68c0a67f1549fdf519f53be51fc435186c0585bcc272fd76c/ruff-0.16.3-py3-none-linux_armv6l.whl", hash = "sha256:0c5710e247a58a4521e66e124ba9a74655b414f61ba3a2e9e3811e11098f48f7", size = 10902799, upload-time = "2026-08-13T15:16:27.382Z" },
    { url = "https://files.pythonhosted.org/packages/5e/e6/2becf3942fddc29a29b8df47691d456fb1085391a694f74d84513251418c/ruff-0.16.3-py3-none-macosx_10_12_x86_64.whl", hash = "sha256:fe155130631a2471fd2e14a7a664a4dfbd7194b8229c3d7b2a40b21178639081", size = 11135539, upload-time = "2026-08-13T15:16:30.87Z" },
    { url = "https://files.pythonhosted.org/packages/3e/1e/4b8b72f0d006dbf19326aa99f9ca0ee2ff374187c4d301cf529a51aa06fe/ruff-0.16.3-py3-none-macosx_11_0_arm64.whl", hash = "sha256:e2ed719e14aa64d895c2ee922594a90a43c861a93f0575a95ff8c47cdbd13eb9", size = 10475095, upload-time = "2026-08-13T15:16:33.259Z" },
    { url = "https://files.pythonhosted.org/packages/92/32/2201fa49ba1f6c101ee321e83f051ac7a4b8d07b0ef6b4d3f2772b302275/ruff-0.16.3-py3-none-manylinux_2_17_aarch64.manylinux2014_aarch64.whl", hash = "sha256:9e0b1da805eb043654645d74d5de1e5ce2edc686e40790d2b86f56d71cc06a84", size = 10668771, upload-time = "2026-08-13T15:16:35.65Z" },
    { url = "https://files.pythonhosted.org/packages/c3/66/4afc5c8363bd04d45effce1b7c8713ca037d7a6740b7451a2403a6e3a972/ruff-0.16.3-py3-none-manylinux_2_17_armv7l.manylinux2014_armv7l.whl", hash = "sha256:a37bdea0bbe21780f590bf437d6412c8c4e1b6cd010f91a65c2c40c5e5f5f870", size = 10699568, upload-time = "2026-08-13T15:16:38.195Z" },
    { url = "https://files.pythonhosted.org/packages/53/fd/c67d246bf36bf1698551c56de39e95cd07f70e64433e0098e6267d77061b/ruff-0.16.3-py3-none-manylinux_2_17_i686.manylinux2014_i686.whl", hash = "sha256:09571e6d1288ed9be475207a3ac04ada404f1cd898104be0f6ab8d7df438575b", size = 11499365, upload-time = "2026-08-13T15:16:40.623Z" },
    { url = "https://files.pythonhosted.org/packages/67/0b/00ecbceb99a263af7b12f6f05ac3c92bc47b905e91adc3f207a836e3bc01/ruff-0.16.3-py3-none-manylinux_2_17_ppc64le.manylinux2014_ppc64le.whl", hash = "sha256:2c18c5a101eb540010638cc1ff3c84944d3adb3df62b8d98ca8f22ba484d3413", size = 12311728, upload-time = "2026-08-13T15:16:43.564Z" },
    { url = "https://files.pythonhosted.org/packages/54/b2/b7b3bb54f4d3f7db504e476ad4ab8de530dceebe2c061384b2757ee419e8/ruff-0.16.3-py3-none-manylinux_2_17_s390x.manylinux2014_s390x.whl", hash = "sha256:8457c44f15033c85ddbb77b15d451df9e24e4bd03b628396dd3610cedc3b8f82", size = 11699896, upload-time = "2026-08-13T15:16:46.209Z" },
    { url = "https://files.pythonhosted.org/packages/c7/30/4c468429ac195addc5ee1b717b6ab1b66632786737ca3b2ed3443fb0c26a/ruff-0.16.3-py3-none-manylinux_2_17_x86_64.manylinux2014_x86_64.whl", hash = "sha256:294b95c4ae0cda9388525c2047778aa758d6b8d4bb876fd4e9eaa3ebc92343eb", size = 11058736, upload-time = "2026-08-13T15:16:48.823Z" },
    { url = "https://files.pythonhosted.org/packages/43/67/7a113cdaddf24b64d7f75b1242a99d04c82fcef4f6921fdbb832beaffb5f/ruff-0.16.3-py3-none-manylinux_2_31_riscv64.whl", hash = "sha256:3d0c7c40c87c2a820509c31ba007968da6e1306468c067b2d82fbfdbcd0e8474", size = 11586911, upload-time = "2026-08-13T15:16:51.913Z" },
    { url = "https://files.pythonhosted.org/packages/f1/c1/2e66f24c0f3ead25a5e660111778685e505e5da353c82802bf49f0cbe7b9/ruff-0.16.3-py3-none-musllinux_1_2_aarch64.whl", hash = "sha256:9f738c0fdfa8eed0b2ce7fb27ee7258208a92a68d7949e62aa15164bc7b389da", size = 10954265, upload-time = "2026-08-13T15:16:54.763Z" },
    { url = "https://files.pythonhosted.org/packages/c2/ba/4cee23bf52cba9a058d3726de623624daf50ef9638868edd86f4126157f6/ruff-0.16.3-py3-none-musllinux_1_2_armv7l.whl", hash = "sha256:fb785f0be25abe69d320415cd4f833b59e17ba7613d9ba6a958023b6bceb0a50", size = 10709886, upload-time = "2026-08-13T15:16:57.339Z" },
    { url = "https://files.pythonhosted.org/packages/82/df/7da7194fa5d9dc0a285f7e6fa5a4722e7c63faac0b45b614ded9314363a1/ruff-0.16.3-py3-none-musllinux_1_2_i686.whl", hash = "sha256:c5536e3acfbf9563085aa2be7b13c629c3077e902afc5b941ac44024dbb9f506", size = 11210392, upload-time = "2026-08-13T15:17:00.171Z" },
    { url = "https://files.pythonhosted.org/packages/35/85/7795f6e817af050e7517bf3e7aa9b061cce70ef33d280aad902c956c1ecf/ruff-0.16.3-py3-none-musllinux_1_2_x86_64.whl", hash = "sha256:a2d85c02f9b8e165d85e6779184d38c4132de12603dab59c51c28e22584f9e4d", size = 11626910, upload-time = "2026-08-13T15:17:03.299Z" },
    { url = "https://files.pythonhosted.org/packages/78/9b/475b927cf27a5cbbda3c7bafb69ed6ff77e1d7923d5d85f17c2749d7ae32/ruff-0.16.3-py3-none-win32.whl", hash = "sha256:388cdf2166642bd9b13d52b5932d3170f34f8abed7e8d9a855f1d84b83645a0a", size = 10931415, upload-time = "2026-08-13T15:17:05.726Z" },
    { url = "https://files.pythonhosted.org/packages/b2/99/e2a2bfc4fbf0a1e8a916bc9ebe6fe6c58cc34c28e0ffc6ce281d572d1c2e/ruff-0.16.3-py3-none-win_amd64.whl", hash = "sha256:e80a7d69ca2a6d1c4d352ec91458cdca6e56c83cdbcabd93e4abe1e53591d948", size = 11445993, upload-time = "2026-08-13T15:17:08.353Z" },
    { url = "https://files.pythonhosted.org/packages/69/3e/4132e539aed78c148854d4997a2685b0ed4dc4e87110b59ce528564e184e/ruff-0.16.3-py3-none-win_arm64.whl", hash = "sha256:b8ca152da82c1acc1fa8d5874b15951935f0eef46f10e6954c83859011b6178a", size = 11399302, upload-time = "2026-08-13T15:17:10.908Z" },
]

[[package]]
name = "tqdm"
version = "4.68.3"
source = { registry = "https://pypi.org/simple" }
dependencies = [
    { name = "colorama", marker = "sys_platform == 'win32'" },
]
sdist = { url = "https://files.pythonhosted.org/packages/87/d7/0535a28b1f5f24f6612fb3ff1e89fb1a8d160fee0f976e0aa6803862134b/tqdm-4.68.3.tar.gz", hash = "sha256:00dfa48452b6b6cfae3dd9885636c23d3422d1ec97c66d96818cbd5e0821d482", size = 170596, upload-time = "2026-06-17T07:36:52.105Z" }
wheels = [
    { url = "https://files.pythonhosted.org/packages/d8/8e/bb97bb0c71802080bfc8952937d174e49cfc50de5c951dd47b2496f0dcdb/tqdm-4.68.3-py3-none-any.whl", hash = "sha256:39832cc2def2789a6f29df83f172db7416cea70052c0907a57801c5f2fdccb03", size = 78337, upload-time = "2026-06-17T07:36:50.132Z" },
]
