# @generated - this file is auto-generated by `mise lock` https://mise.jdx.dev/dev-tools/mise-lock.html

lockfile_version = 1

[[tools.cmake]]
version = "3.29.0"
backend = "aqua:Kitware/CMake"
specifiers = ["3.29.0"]

[tools.cmake."platforms.linux-arm64"]
url = "https://github.com/Kitware/CMake/releases/download/v3.29.0/cmake-3.29.0-linux-aarch64.tar.gz"
url_api = "https://api.github.com/repos/Kitware/CMake/releases/assets/157905329"

[tools.cmake."platforms.linux-x64"]
url = "https://github.com/Kitware/CMake/releases/download/v3.29.0/cmake-3.29.0-linux-x86_64.tar.gz"
url_api = "https://api.github.com/repos/Kitware/CMake/releases/assets/157905542"

[[tools.java]]
version = "temurin-11.0.32+101"
backend = "core:java"
specifiers = ["temurin-11.0.32+101"]

[tools.java."platforms.linux-arm64"]
checksum = "sha256:f27033e6f7523c1b0b2565a78e9c0e0abe5596a854ce00ca04ec1b06ece7a935"
url = "https://github.com/adoptium/temurin11-binaries/releases/download/jdk-11.0.32.1%2B1/OpenJDK11U-jdk_aarch64_linux_hotspot_11.0.32.1_1.tar.gz"

[tools.java."platforms.linux-x64"]
checksum = "sha256:5c3f68887c325d36d852ba534303e1f5f1f5cae7d6cc1e951d73e0d8e98a058d"
url = "https://github.com/adoptium/temurin11-binaries/releases/download/jdk-11.0.32.1%2B1/OpenJDK11U-jdk_x64_linux_hotspot_11.0.32.1_1.tar.gz"

[[tools.jq]]
version = "1.8.2"
backend = "aqua:jqlang/jq"
specifiers = ["1.8.2"]

[tools.jq."platforms.linux-arm64"]
checksum = "sha256:8b85c817833814ddca00a144c33705546355afccf0cf39b188f3cdb48b852309"
url = "https://github.com/jqlang/jq/releases/download/jq-1.8.2/jq-linux-arm64"
url_api = "https://api.github.com/repos/jqlang/jq/releases/assets/453012756"
provenance = "github-attestations"

[tools.jq."platforms.linux-x64"]
checksum = "sha256:b1c22172dd303f3be49e935aa56aa48a8b7a46e0bc838b4997d3bb451495870f"
url = "https://github.com/jqlang/jq/releases/download/jq-1.8.2/jq-linux-amd64"
url_api = "https://api.github.com/repos/jqlang/jq/releases/assets/453012752"
provenance = "github-attestations"

[[tools.ninja]]
version = "1.13.2"
backend = "aqua:ninja-build/ninja"
specifiers = ["1.13.2"]

[tools.ninja."platforms.linux-arm64"]
checksum = "sha256:fd2cacc8050a7f12a16a2e48f9e06fca5c14fc4c2bee2babb67b58be17a607fc"
url = "https://github.com/ninja-build/ninja/releases/download/v1.13.2/ninja-linux-aarch64.zip"
url_api = "https://api.github.com/repos/ninja-build/ninja/releases/assets/318864579"

[tools.ninja."platforms.linux-x64"]
checksum = "sha256:5749cbc4e668273514150a80e387a957f933c6ed3f5f11e03fb30955e2bbead6"
url = "https://github.com/ninja-build/ninja/releases/download/v1.13.2/ninja-linux.zip"
url_api = "https://api.github.com/repos/ninja-build/ninja/releases/assets/318865358"

[[tools.rust]]
version = "1.85.1"
backend = "core:rust"
specifiers = ["1.85.1"]

[[tools.uv]]
version = "0.12.10"
backend = "aqua:astral-sh/uv"
specifiers = ["0.12.10"]

[tools.uv."platforms.linux-arm64"]
checksum = "sha256:9ff6b9d4665edcdd3a88dcc73cd1eb641754deb927f14e8c62ebfde6bf4f5f5e"
url = "https://github.com/astral-sh/uv/releases/download/0.12.10/uv-aarch64-unknown-linux-gnu.tar.gz"
url_api = "https://api.github.com/repos/astral-sh/uv/releases/assets/545034356"
provenance = "github-attestations"

[tools.uv."platforms.linux-x64"]
checksum = "sha256:173d95a0c32d18c896c46ba6fafbf3cf9c14ab74b033f81b76c883ef492a976b"
url = "https://github.com/astral-sh/uv/releases/download/0.12.10/uv-x86_64-unknown-linux-gnu.tar.gz"
url_api = "https://api.github.com/repos/astral-sh/uv/releases/assets/545034465"
provenance = "github-attestations"
